
Microsoft Visual Studio Solution File, Format Version 12.00
# Visual Studio Version 16
VisualStudioVersion = 16.0.30804.86
MinimumVisualStudioVersion = 10.0.40219.1
Project("{FAE04EC0-301F-11D3-BF4B-00C04F79EFBC}") = "People.web", "People.web\People.web.csproj", "{B1AA4D6E-70C5-4FDF-8432-ED3200B3CF9E}"
EndProject
Project("{FAE04EC0-301F-11D3-BF4B-00C04F79EFBC}") = "People.data", "People.data\People.data.csproj", "{4C239539-E2F9-46B5-8FC6-D92B6943F4BB}"
EndProject
Global
	GlobalSection(SolutionConfigurationPlatforms) = preSolution
		Debug|Any CPU = Debug|Any CPU
		Release|Any CPU = Release|Any CPU
	EndGlobalSection
	GlobalSection(ProjectConfigurationPlatforms) = postSolution
		{B1AA4D6E-70C5-4FDF-8432-ED3200B3CF9E}.Debug|Any CPU.ActiveCfg = Debug|Any CPU
		{B1AA4D6E-70C5-4FDF-8432-ED3200B3CF9E}.Debug|Any CPU.Build.0 = Debug|Any CPU
		{B1AA4D6E-70C5-4FDF-8432-ED3200B3CF9E}.Release|Any CPU.ActiveCfg = Release|Any CPU
		{B1AA4D6E-70C5-4FDF-8432-ED3200B3CF9E}.Release|Any CPU.Build.0 = Release|Any CPU
		{4C239539-E2F9-46B5-8FC6-D92B6943F4BB}.Debug|Any CPU.ActiveCfg = Debug|Any CPU
		{4C239539-E2F9-46B5-8FC6-D92B6943F4BB}.Debug|Any CPU.Build.0 = Debug|Any CPU
		{4C239539-E2F9-46B5-8FC6-D92B6943F4BB}.Release|Any CPU.ActiveCfg = Release|Any CPU
		{4C239539-E2F9-46B5-8FC6-D92B6943F4BB}.Release|Any CPU.Build.0 = Release|Any CPU
	EndGlobalSection
	GlobalSection(SolutionProperties) = preSolution
		HideSolutionNode = FALSE
	EndGlobalSection
	GlobalSection(ExtensibilityGlobals) = postSolution
		SolutionGuid = {6C7A1342-1385-4E1C-B537-A5E1DC5B7B72}
	EndGlobalSection
EndGlobal
